# This file is automatically @generated by Cargo.
# It is not intended for manual editing.
[[package]]
name = "affine"
version = "0.1.0"

[[package]]
name = "atbash"
version = "0.1.0"

[[package]]
name = "autokey"
version = "0.1.0"

[[package]]
name = "caesar"
version = "0.1.0"

[[package]]
name = "columnar_transposition"
version = "0.1.0"

[[package]]
name = "polybius_square"
version = "0.1.0"

[[package]]
name = "rail_fence"
version = "0.1.0"

[[package]]
name = "rot13"
version = "0.1.0"

[[package]]
name = "substitution"
version = "0.1.0"

